{
    "name": "clase-node",
    "version": "1.0.0",
    "lockfileVersion": 3,
    "requires": true,
    "packages": {
        "": {
            "name": "clase-node",
            "version": "1.0.0",
            "license": "ISC",
            "dependencies": {
                "pascalcase": "1.0.0"
            }
        },
        "node_modules/pascalcase": {
            "version": "1.0.0",
            "resolved": "https://registry.npmjs.org/pascalcase/-/pascalcase-1.0.0.tgz",
            "integrity": "sha512-BSExi0rRnCHReJys6NocaK+cfTXNinAegfWBvr0JD3hiaEG7Nuc7r0CIdOJunXrs8gU/sbHQ9dxVAtiVQisjmg==",
            "engines": {
                "node": ">=8"
            }
        }
    }
}
